
Microsoft Visual Studio Solution File, Format Version 12.00
# Visual Studio 15
VisualStudioVersion = 15.0.26730.8
MinimumVisualStudioVersion = 10.0.40219.1
Project("{FAE04EC0-301F-11D3-BF4B-00C04F79EFBC}") = "PasswordValidation", "PasswordValidation\PasswordValidation.csproj", "{90CA2911-3C08-4D95-8AA4-BD76C064DCAC}"
EndProject
Global
	GlobalSection(SolutionConfigurationPlatforms) = preSolution
		Debug|Any CPU = Debug|Any CPU
		Release|Any CPU = Release|Any CPU
	EndGlobalSection
	GlobalSection(ProjectConfigurationPlatforms) = postSolution
		{90CA2911-3C08-4D95-8AA4-BD76C064DCAC}.Debug|Any CPU.ActiveCfg = Debug|Any CPU
		{90CA2911-3C08-4D95-8AA4-BD76C064DCAC}.Debug|Any CPU.Build.0 = Debug|Any CPU
		{90CA2911-3C08-4D95-8AA4-BD76C064DCAC}.Release|Any CPU.ActiveCfg = Release|Any CPU
		{90CA2911-3C08-4D95-8AA4-BD76C064DCAC}.Release|Any CPU.Build.0 = Release|Any CPU
	EndGlobalSection
	GlobalSection(SolutionProperties) = preSolution
		HideSolutionNode = FALSE
	EndGlobalSection
	GlobalSection(ExtensibilityGlobals) = postSolution
		SolutionGuid = {B5DCFAB2-FF72-4123-9740-927FEE66430B}
	EndGlobalSection
EndGlobal
